// !$*UTF8*$!
{
	archiveVersion = 1;
	classes = {
	};
	objectVersion = 46;
	objects = {

/* Begin PBXBuildFile section */
		00BB719D19E1ABBB0017B1E0 /* Foundation.framework in Frameworks */ = {isa = PBXBuildFile; fileRef = 00BB719C19E1ABBB0017B1E0 /* Foundation.framework */; };
		00BB719F19E1ABBB0017B1E0 /* CoreGraphics.framework in Frameworks */ = {isa = PBXBuildFile; fileRef = 00BB719E19E1ABBB0017B1E0 /* CoreGraphics.framework */; };
		00BB71A119E1ABBB0017B1E0 /* UIKit.framework in Frameworks */ = {isa = PBXBuildFile; fileRef = 00BB71A019E1ABBB0017B1E0 /* UIKit.framework */; };
		00BB71A319E1ABBB0017B1E0 /* CoreData.framework in Frameworks */ = {isa = PBXBuildFile; fileRef = 00BB71A219E1ABBB0017B1E0 /* CoreData.framework */; };
		00BB71A919E1ABBB0017B1E0 /* InfoPlist.strings in Resources */ = {isa = PBXBuildFile; fileRef = 00BB71A719E1ABBB0017B1E0 /* InfoPlist.strings */; };
		00BB71AB19E1ABBB0017B1E0 /* main.m in Sources */ = {isa = PBXBuildFile; fileRef = 00BB71AA19E1ABBB0017B1E0 /* main.m */; };
		00BB71AF19E1ABBB0017B1E0 /* Team3AppDelegate.m in Sources */ = {isa = PBXBuildFile; fileRef = 00BB71AE19E1ABBB0017B1E0 /* Team3AppDelegate.m */; };
		00BB71B219E1ABBB0017B1E0 /* Team3HW2.xcdatamodeld in Sources */ = {isa = PBXBuildFile; fileRef = 00BB71B019E1ABBB0017B1E0 /* Team3HW2.xcdatamodeld */; };
		00BB71B419E1ABBB0017B1E0 /* Images.xcassets in Resources */ = {isa = PBXBuildFile; fileRef = 00BB71B319E1ABBB0017B1E0 /* Images.xcassets */; };
		00BB71BB19E1ABBB0017B1E0 /* XCTest.framework in Frameworks */ = {isa = PBXBuildFile; fileRef = 00BB71BA19E1ABBB0017B1E0 /* XCTest.framework */; };
		00BB71BC19E1ABBB0017B1E0 /* Foundation.framework in Frameworks */ = {isa = PBXBuildFile; fileRef = 00BB719C19E1ABBB0017B1E0 /* Foundation.framework */; };
		00BB71BD19E1ABBB0017B1E0 /* UIKit.framework in Frameworks */ = {isa = PBXBuildFile; fileRef = 00BB71A019E1ABBB0017B1E0 /* UIKit.framework */; };
		00BB71BE19E1ABBB0017B1E0 /* CoreData.framework in Frameworks */ = {isa = PBXBuildFile; fileRef = 00BB71A219E1ABBB0017B1E0 /* CoreData.framework */; };
		00BB71C619E1ABBB0017B1E0 /* InfoPlist.strings in Resources */ = {isa = PBXBuildFile; fileRef = 00BB71C419E1ABBB0017B1E0 /* InfoPlist.strings */; };
		00BB71C819E1ABBB0017B1E0 /* Team3HW2Tests.m in Sources */ = {isa = PBXBuildFile; fileRef = 00BB71C719E1ABBB0017B1E0 /* Team3HW2Tests.m */; };
		00BB71D219E1ABD70017B1E0 /* Main.storyboard in Resources */ = {isa = PBXBuildFile; fileRef = 00BB71D119E1ABD70017B1E0 /* Main.storyboard */; };
		00BB71D519E1AC350017B1E0 /* Team3TableViewController.m in Sources */ = {isa = PBXBuildFile; fileRef = 00BB71D419E1AC350017B1E0 /* Team3TableViewController.m */; };
		00BB71D819E1AD090017B1E0 /* Team3AddCityViewController.m in Sources */ = {isa = PBXBuildFile; fileRef = 00BB71D719E1AD090017B1E0 /* Team3AddCityViewController.m */; };
		00BB71E119E1AEBC0017B1E0 /* Team3JSONWeather.m in Sources */ = {isa = PBXBuildFile; fileRef = 00BB71E019E1AEBC0017B1E0 /* Team3JSONWeather.m */; };
		8975961D19E2F6750004C5F9 /* Team3SettingsViewController.m in Sources */ = {isa = PBXBuildFile; fileRef = 8975961C19E2F6750004C5F9 /* Team3SettingsViewController.m */; };
		9D2A2E6F19E4A0B6009E36B1 /* Team3DetailViewController.m in Sources */ = {isa = PBXBuildFile; fileRef = 9D2A2E6E19E4A0B6009E36B1 /* Team3DetailViewController.m */; };
/* End PBXBuildFile section */

/* Begin PBXContainerItemProxy section */
		00BB71BF19E1ABBB0017B1E0 /* PBXContainerItemProxy */ = {
			isa = PBXContainerItemProxy;
			containerPortal = 00BB719119E1ABBB0017B1E0 /* Project object */;
			proxyType = 1;
			remoteGlobalIDString = 00BB719819E1ABBB0017B1E0;
			remoteInfo = Team3HW2;
		};
/* End PBXContainerItemProxy section */

/* Begin PBXFileReference section */
		00BB719919E1ABBB0017B1E0 /* Team3HW2.app */ = {isa = PBXFileReference; explicitFileType = wrapper.application; includeInIndex = 0; path = Team3HW2.app; sourceTree = BUILT_PRODUCTS_DIR; };
		00BB719C19E1ABBB0017B1E0 /* Foundation.framework */ = {isa = PBXFileReference; lastKnownFileType = wrapper.framework; name = Foundation.framework; path = System/Library/Frameworks/Foundation.framework; sourceTree = SDKROOT; };
		00BB719E19E1ABBB0017B1E0 /* CoreGraphics.framework */ = {isa = PBXFileReference; lastKnownFileType = wrapper.framework; name = CoreGraphics.framework; path = System/Library/Frameworks/CoreGraphics.framework; sourceTree = SDKROOT; };
		00BB71A019E1ABBB0017B1E0 /* UIKit.framework */ = {isa = PBXFileReference; lastKnownFileType = wrapper.framework; name = UIKit.framework; path = System/Library/Frameworks/UIKit.framework; sourceTree = SDKROOT; };
		00BB71A219E1ABBB0017B1E0 /* CoreData.framework */ = {isa = PBXFileReference; lastKnownFileType = wrapper.framework; name = CoreData.framework; path = System/Library/Frameworks/CoreData.framework; sourceTree = SDKROOT; };
		00BB71A619E1ABBB0017B1E0 /* Team3HW2-Info.plist */ = {isa = PBXFileReference; lastKnownFileType = text.plist.xml; path = "Team3HW2-Info.plist"; sourceTree = "<group>"; };
		00BB71A819E1ABBB0017B1E0 /* en */ = {isa = PBXFileReference; lastKnownFileType = text.plist.strings; name = en; path = en.lproj/InfoPlist.strings; sourceTree = "<group>"; };
		00BB71AA19E1ABBB0017B1E0 /* main.m */ = {isa = PBXFileReference; lastKnownFileType = sourcecode.c.objc; path = main.m; sourceTree = "<group>"; };
		00BB71AC19E1ABBB0017B1E0 /* Team3HW2-Prefix.pch */ = {isa = PBXFileReference; lastKnownFileType = sourcecode.c.h; path = "Team3HW2-Prefix.pch"; sourceTree = "<group>"; };
		00BB71AD19E1ABBB0017B1E0 /* Team3AppDelegate.h */ = {isa = PBXFileReference; lastKnownFileType = sourcecode.c.h; path = Team3AppDelegate.h; sourceTree = "<group>"; };
		00BB71AE19E1ABBB0017B1E0 /* Team3AppDelegate.m */ = {isa = PBXFileReference; lastKnownFileType = sourcecode.c.objc; path = Team3AppDelegate.m; sourceTree = "<group>"; };
		00BB71B119E1ABBB0017B1E0 /* Team3HW2.xcdatamodel */ = {isa = PBXFileReference; lastKnownFileType = wrapper.xcdatamodel; path = Team3HW2.xcdatamodel; sourceTree = "<group>"; };
		00BB71B319E1ABBB0017B1E0 /* Images.xcassets */ = {isa = PBXFileReference; lastKnownFileType = folder.assetcatalog; path = Images.xcassets; sourceTree = "<group>"; };
		00BB71B919E1ABBB0017B1E0 /* Team3HW2Tests.xctest */ = {isa = PBXFileReference; explicitFileType = wrapper.cfbundle; includeInIndex = 0; path = Team3HW2Tests.xctest; sourceTree = BUILT_PRODUCTS_DIR; };
		00BB71BA19E1ABBB0017B1E0 /* XCTest.framework */ = {isa = PBXFileReference; lastKnownFileType = wrapper.framework; name = XCTest.framework; path = Library/Frameworks/XCTest.framework; sourceTree = DEVELOPER_DIR; };
		00BB71C319E1ABBB0017B1E0 /* Team3HW2Tests-Info.plist */ = {isa = PBXFileReference; lastKnownFileType = text.plist.xml; path = "Team3HW2Tests-Info.plist"; sourceTree = "<group>"; };
		00BB71C519E1ABBB0017B1E0 /* en */ = {isa = PBXFileReference; lastKnownFileType = text.plist.strings; name = en; path = en.lproj/InfoPlist.strings; sourceTree = "<group>"; };
		00BB71C719E1ABBB0017B1E0 /* Team3HW2Tests.m */ = {isa = PBXFileReference; lastKnownFileType = sourcecode.c.objc; path = Team3HW2Tests.m; sourceTree = "<group>"; };
		00BB71D119E1ABD70017B1E0 /* Main.storyboard */ = {isa = PBXFileReference; fileEncoding = 4; lastKnownFileType = file.storyboard; name = Main.storyboard; path = ../Main.storyboard; sourceTree = "<group>"; };
		00BB71D319E1AC350017B1E0 /* Team3TableViewController.h */ = {isa = PBXFileReference; fileEncoding = 4; lastKnownFileType = sourcecode.c.h; path = Team3TableViewController.h; sourceTree = "<group>"; };
		00BB71D419E1AC350017B1E0 /* Team3TableViewController.m */ = {isa = PBXFileReference; fileEncoding = 4; lastKnownFileType = sourcecode.c.objc; path = Team3TableViewController.m; sourceTree = "<group>"; };
		00BB71D619E1AD090017B1E0 /* Team3AddCityViewController.h */ = {isa = PBXFileReference; fileEncoding = 4; lastKnownFileType = sourcecode.c.h; path = Team3AddCityViewController.h; sourceTree = "<group>"; };
		00BB71D719E1AD090017B1E0 /* Team3AddCityViewController.m */ = {isa = PBXFileReference; fileEncoding = 4; lastKnownFileType = sourcecode.c.objc; path = Team3AddCityViewController.m; sourceTree = "<group>"; };
		00BB71DC19E1AD940017B1E0 /* Team3DetailViewController.h */ = {isa = PBXFileReference; fileEncoding = 4; lastKnownFileType = sourcecode.c.h; path = Team3DetailViewController.h; sourceTree = "<group>"; };
		00BB71DF19E1AEBC0017B1E0 /* Team3JSONWeather.h */ = {isa = PBXFileReference; fileEncoding = 4; lastKnownFileType = sourcecode.c.h; path = Team3JSONWeather.h; sourceTree = "<group>"; };
		00BB71E019E1AEBC0017B1E0 /* Team3JSONWeather.m */ = {isa = PBXFileReference; fileEncoding = 4; lastKnownFileType = sourcecode.c.objc; path = Team3JSONWeather.m; sourceTree = "<group>"; };
		895A9B2719E3152100C00255 /* Team3SettingsViewController.h */ = {isa = PBXFileReference; fileEncoding = 4; lastKnownFileType = sourcecode.c.h; path = Team3SettingsViewController.h; sourceTree = "<group>"; };
		8975961C19E2F6750004C5F9 /* Team3SettingsViewController.m */ = {isa = PBXFileReference; fileEncoding = 4; lastKnownFileType = sourcecode.c.objc; path = Team3SettingsViewController.m; sourceTree = "<group>"; };
		9D2A2E6E19E4A0B6009E36B1 /* Team3DetailViewController.m */ = {isa = PBXFileReference; fileEncoding = 4; lastKnownFileType = sourcecode.c.objc; path = Team3DetailViewController.m; sourceTree = "<group>"; };
/* End PBXFileReference section */

/* Begin PBXFrameworksBuildPhase section */
		00BB719619E1ABBB0017B1E0 /* Frameworks */ = {
			isa = PBXFrameworksBuildPhase;
			buildActionMask = 2147483647;
			files = (
				00BB719F19E1ABBB0017B1E0 /* CoreGraphics.framework in Frameworks */,
				00BB71A319E1ABBB0017B1E0 /* CoreData.framework in Frameworks */,
				00BB71A119E1ABBB0017B1E0 /* UIKit.framework in Frameworks */,
				00BB719D19E1ABBB0017B1E0 /* Foundation.framework in Frameworks */,
			);
			runOnlyForDeploymentPostprocessing = 0;
		};
		00BB71B619E1ABBB0017B1E0 /* Frameworks */ = {
			isa = PBXFrameworksBuildPhase;
			buildActionMask = 2147483647;
			files = (
				00BB71BB19E1ABBB0017B1E0 /* XCTest.framework in Frameworks */,
				00BB71BE19E1ABBB0017B1E0 /* CoreData.framework in Frameworks */,
				00BB71BD19E1ABBB0017B1E0 /* UIKit.framework in Frameworks */,
				00BB71BC19E1ABBB0017B1E0 /* Foundation.framework in Frameworks */,
			);
			runOnlyForDeploymentPostprocessing = 0;
		};
/* End PBXFrameworksBuildPhase section */

/* Begin PBXGroup section */
		00BB719019E1ABBB0017B1E0 = {
			isa = PBXGroup;
			children = (
				00BB71A419E1ABBB0017B1E0 /* Team3HW2 */,
				00BB71C119E1ABBB0017B1E0 /* Team3HW2Tests */,
				00BB719B19E1ABBB0017B1E0 /* Frameworks */,
				00BB719A19E1ABBB0017B1E0 /* Products */,
			);
			sourceTree = "<group>";
		};
		00BB719A19E1ABBB0017B1E0 /* Products */ = {
			isa = PBXGroup;
			children = (
				00BB719919E1ABBB0017B1E0 /* Team3HW2.app */,
				00BB71B919E1ABBB0017B1E0 /* Team3HW2Tests.xctest */,
			);
			name = Products;
			sourceTree = "<group>";
		};
		00BB719B19E1ABBB0017B1E0 /* Frameworks */ = {
			isa = PBXGroup;
			children = (
				00BB719C19E1ABBB0017B1E0 /* Foundation.framework */,
				00BB719E19E1ABBB0017B1E0 /* CoreGraphics.framework */,
				00BB71A019E1ABBB0017B1E0 /* UIKit.framework */,
				00BB71A219E1ABBB0017B1E0 /* CoreData.framework */,
				00BB71BA19E1ABBB0017B1E0 /* XCTest.framework */,
			);
			name = Frameworks;
			sourceTree = "<group>";
		};
		00BB71A419E1ABBB0017B1E0 /* Team3HW2 */ = {
			isa = PBXGroup;
			children = (
				00BB71DF19E1AEBC0017B1E0 /* Team3JSONWeather.h */,
				00BB71E019E1AEBC0017B1E0 /* Team3JSONWeather.m */,
				00BB71D119E1ABD70017B1E0 /* Main.storyboard */,
				00BB71AD19E1ABBB0017B1E0 /* Team3AppDelegate.h */,
				00BB71AE19E1ABBB0017B1E0 /* Team3AppDelegate.m */,
				00BB71B319E1ABBB0017B1E0 /* Images.xcassets */,
				00BB71B019E1ABBB0017B1E0 /* Team3HW2.xcdatamodeld */,
				00BB71A519E1ABBB0017B1E0 /* Supporting Files */,
				00BB71D319E1AC350017B1E0 /* Team3TableViewController.h */,
				00BB71D419E1AC350017B1E0 /* Team3TableViewController.m */,
				00BB71D619E1AD090017B1E0 /* Team3AddCityViewController.h */,
				00BB71D719E1AD090017B1E0 /* Team3AddCityViewController.m */,
				00BB71DC19E1AD940017B1E0 /* Team3DetailViewController.h */,
				9D2A2E6E19E4A0B6009E36B1 /* Team3DetailViewController.m */,
				8975961C19E2F6750004C5F9 /* Team3SettingsViewController.m */,
				895A9B2719E3152100C00255 /* Team3SettingsViewController.h */,
			);
			path = Team3HW2;
			sourceTree = "<group>";
		};
		00BB71A519E1ABBB0017B1E0 /* Supporting Files */ = {
			isa = PBXGroup;
			children = (
				00BB71A619E1ABBB0017B1E0 /* Team3HW2-Info.plist */,
				00BB71A719E1ABBB0017B1E0 /* InfoPlist.strings */,
				00BB71AA19E1ABBB0017B1E0 /* main.m */,
				00BB71AC19E1ABBB0017B1E0 /* Team3HW2-Prefix.pch */,
			);
			name = "Supporting Files";
			sourceTree = "<group>";
		};
		00BB71C119E1ABBB0017B1E0 /* Team3HW2Tests */ = {
			isa = PBXGroup;
			children = (
				00BB71C719E1ABBB0017B1E0 /* Team3HW2Tests.m */,
				00BB71C219E1ABBB0017B1E0 /* Supporting Files */,
			);
			path = Team3HW2Tests;
			sourceTree = "<group>";
		};
		00BB71C219E1ABBB0017B1E0 /* Supporting Files */ = {
			isa = PBXGroup;
			children = (
				00BB71C319E1ABBB0017B1E0 /* Team3HW2Tests-Info.plist */,
				00BB71C419E1ABBB0017B1E0 /* InfoPlist.strings */,
			);
			name = "Supporting Files";
			sourceTree = "<group>";
		};
/* End PBXGroup section */

/* Begin PBXNativeTarget section */
		00BB719819E1ABBB0017B1E0 /* Team3HW2 */ = {
			isa = PBXNativeTarget;
			buildConfigurationList = 00BB71CB19E1ABBB0017B1E0 /* Build configuration list for PBXNativeTarget "Team3HW2" */;
			buildPhases = (
				00BB719519E1ABBB0017B1E0 /* Sources */,
				00BB719619E1ABBB0017B1E0 /* Frameworks */,
				00BB719719E1ABBB0017B1E0 /* Resources */,
			);
			buildRules = (
			);
			dependencies = (
			);
			name = Team3HW2;
			productName = Team3HW2;
			productReference = 00BB719919E1ABBB0017B1E0 /* Team3HW2.app */;
			productType = "com.apple.product-type.application";
		};
		00BB71B819E1ABBB0017B1E0 /* Team3HW2Tests */ = {
			isa = PBXNativeTarget;
			buildConfigurationList = 00BB71CE19E1ABBB0017B1E0 /* Build configuration list for PBXNativeTarget "Team3HW2Tests" */;
			buildPhases = (
				00BB71B519E1ABBB0017B1E0 /* Sources */,
				00BB71B619E1ABBB0017B1E0 /* Frameworks */,
				00BB71B719E1ABBB0017B1E0 /* Resources */,
			);
			buildRules = (
			);
			dependencies = (
				00BB71C019E1ABBB0017B1E0 /* PBXTargetDependency */,
			);
			name = Team3HW2Tests;
			productName = Team3HW2Tests;
			productReference = 00BB71B919E1ABBB0017B1E0 /* Team3HW2Tests.xctest */;
			productType = "com.apple.product-type.bundle.unit-test";
		};
/* End PBXNativeTarget section */

/* Begin PBXProject section */
		00BB719119E1ABBB0017B1E0 /* Project object */ = {
			isa = PBXProject;
			attributes = {
				CLASSPREFIX = Team3;
				LastUpgradeCheck = 0510;
				ORGANIZATIONNAME = UH;
				TargetAttributes = {
					00BB71B819E1ABBB0017B1E0 = {
						TestTargetID = 00BB719819E1ABBB0017B1E0;
					};
				};
			};
			buildConfigurationList = 00BB719419E1ABBB0017B1E0 /* Build configuration list for PBXProject "Team3HW2" */;
			compatibilityVersion = "Xcode 3.2";
			developmentRegion = English;
			hasScannedForEncodings = 0;
			knownRegions = (
				en,
			);
			mainGroup = 00BB719019E1ABBB0017B1E0;
			productRefGroup = 00BB719A19E1ABBB0017B1E0 /* Products */;
			projectDirPath = "";
			projectRoot = "";
			targets = (
				00BB719819E1ABBB0017B1E0 /* Team3HW2 */,
				00BB71B819E1ABBB0017B1E0 /* Team3HW2Tests */,
			);
		};
/* End PBXProject section */

/* Begin PBXResourcesBuildPhase section */
		00BB719719E1ABBB0017B1E0 /* Resources */ = {
			isa = PBXResourcesBuildPhase;
			buildActionMask = 2147483647;
			files = (
				00BB71D219E1ABD70017B1E0 /* Main.storyboard in Resources */,
				00BB71A919E1ABBB0017B1E0 /* InfoPlist.strings in Resources */,
				00BB71B419E1ABBB0017B1E0 /* Images.xcassets in Resources */,
			);
			runOnlyForDeploymentPostprocessing = 0;
		};
		00BB71B719E1ABBB0017B1E0 /* Resources */ = {
			isa = PBXResourcesBuildPhase;
			buildActionMask = 2147483647;
			files = (
				00BB71C619E1ABBB0017B1E0 /* InfoPlist.strings in Resources */,
			);
			runOnlyForDeploymentPostprocessing = 0;
		};
/* End PBXResourcesBuildPhase section */

/* Begin PBXSourcesBuildPhase section */
		00BB719519E1ABBB0017B1E0 /* Sources */ = {
			isa = PBXSourcesBuildPhase;
			buildActionMask = 2147483647;
			files = (
				00BB71AB19E1ABBB0017B1E0 /* main.m in Sources */,
				00BB71B219E1ABBB0017B1E0 /* Team3HW2.xcdatamodeld in Sources */,
				9D2A2E6F19E4A0B6009E36B1 /* Team3DetailViewController.m in Sources */,
				00BB71D519E1AC350017B1E0 /* Team3TableViewController.m in Sources */,
				00BB71D819E1AD090017B1E0 /* Team3AddCityViewController.m in Sources */,
				00BB71AF19E1ABBB0017B1E0 /* Team3AppDelegate.m in Sources */,
				8975961D19E2F6750004C5F9 /* Team3SettingsViewController.m in Sources */,
				00BB71E119E1AEBC0017B1E0 /* Team3JSONWeather.m in Sources */,
			);
			runOnlyForDeploymentPostprocessing = 0;
		};
		00BB71B519E1ABBB0017B1E0 /* Sources */ = {
			isa = PBXSourcesBuildPhase;
			buildActionMask = 2147483647;
			files = (
				00BB71C819E1ABBB0017B1E0 /* Team3HW2Tests.m in Sources */,
			);
			runOnlyForDeploymentPostprocessing = 0;
		};
/* End PBXSourcesBuildPhase section */

/* Begin PBXTargetDependency section */
		00BB71C019E1ABBB0017B1E0 /* PBXTargetDependency */ = {
			isa = PBXTargetDependency;
			target = 00BB719819E1ABBB0017B1E0 /* Team3HW2 */;
			targetProxy = 00BB71BF19E1ABBB0017B1E0 /* PBXContainerItemProxy */;
		};
/* End PBXTargetDependency section */

/* Begin PBXVariantGroup section */
		00BB71A719E1ABBB0017B1E0 /* InfoPlist.strings */ = {
			isa = PBXVariantGroup;
			children = (
				00BB71A819E1ABBB0017B1E0 /* en */,
			);
			name = InfoPlist.strings;
			sourceTree = "<group>";
		};
		00BB71C419E1ABBB0017B1E0 /* InfoPlist.strings */ = {
			isa = PBXVariantGroup;
			children = (
				00BB71C519E1ABBB0017B1E0 /* en */,
			);
			name = InfoPlist.strings;
			sourceTree = "<group>";
		};
/* End PBXVariantGroup section */

/* Begin XCBuildConfiguration section */
		00BB71C919E1ABBB0017B1E0 /* Debug */ = {
			isa = XCBuildConfiguration;
			buildSettings = {
				ALWAYS_SEARCH_USER_PATHS = NO;
				CLANG_CXX_LANGUAGE_STANDARD = "gnu++0x";
				CLANG_CXX_LIBRARY = "libc++";
				CLANG_ENABLE_MODULES = YES;
				CLANG_ENABLE_OBJC_ARC = YES;
				CLANG_WARN_BOOL_CONVERSION = YES;
				CLANG_WARN_CONSTANT_CONVERSION = YES;
				CLANG_WARN_DIRECT_OBJC_ISA_USAGE = YES_ERROR;
				CLANG_WARN_EMPTY_BODY = YES;
				CLANG_WARN_ENUM_CONVERSION = YES;
				CLANG_WARN_INT_CONVERSION = YES;
				CLANG_WARN_OBJC_ROOT_CLASS = YES_ERROR;
				CLANG_WARN__DUPLICATE_METHOD_MATCH = YES;
				"CODE_SIGN_IDENTITY[sdk=iphoneos*]" = "iPhone Developer";
				COPY_PHASE_STRIP = NO;
				GCC_C_LANGUAGE_STANDARD = gnu99;
				GCC_DYNAMIC_NO_PIC = NO;
				GCC_OPTIMIZATION_LEVEL = 0;
				GCC_PREPROCESSOR_DEFINITIONS = (
					"DEBUG=1",
					"$(inherited)",
				);
				GCC_SYMBOLS_PRIVATE_EXTERN = NO;
				GCC_WARN_64_TO_32_BIT_CONVERSION = YES;
				GCC_WARN_ABOUT_RETURN_TYPE = YES_ERROR;
				GCC_WARN_UNDECLARED_SELECTOR = YES;
				GCC_WARN_UNINITIALIZED_AUTOS = YES_AGGRESSIVE;
				GCC_WARN_UNUSED_FUNCTION = YES;
				GCC_WARN_UNUSED_VARIABLE = YES;
				IPHONEOS_DEPLOYMENT_TARGET = 7.1;
				ONLY_ACTIVE_ARCH = YES;
				SDKROOT = iphoneos;
			};
			name = Debug;
		};
		00BB71CA19E1ABBB0017B1E0 /* Release */ = {
			isa = XCBuildConfiguration;
			buildSettings = {
				ALWAYS_SEARCH_USER_PATHS = NO;
				CLANG_CXX_LANGUAGE_STANDARD = "gnu++0x";
				CLANG_CXX_LIBRARY = "libc++";
				CLANG_ENABLE_MODULES = YES;
				CLANG_ENABLE_OBJC_ARC = YES;
				CLANG_WARN_BOOL_CONVERSION = YES;
				CLANG_WARN_CONSTANT_CONVERSION = YES;
				CLANG_WARN_DIRECT_OBJC_ISA_USAGE = YES_ERROR;
				CLANG_WARN_EMPTY_BODY = YES;
				CLANG_WARN_ENUM_CONVERSION = YES;
				CLANG_WARN_INT_CONVERSION = YES;
				CLANG_WARN_OBJC_ROOT_CLASS = YES_ERROR;
				CLANG_WARN__DUPLICATE_METHOD_MATCH = YES;
				"CODE_SIGN_IDENTITY[sdk=iphoneos*]" = "iPhone Developer";
				COPY_PHASE_STRIP = YES;
				ENABLE_NS_ASSERTIONS = NO;
				GCC_C_LANGUAGE_STANDARD = gnu99;
				GCC_WARN_64_TO_32_BIT_CONVERSION = YES;
				GCC_WARN_ABOUT_RETURN_TYPE = YES_ERROR;
				GCC_WARN_UNDECLARED_SELECTOR = YES;
				GCC_WARN_UNINITIALIZED_AUTOS = YES_AGGRESSIVE;
				GCC_WARN_UNUSED_FUNCTION = YES;
				GCC_WARN_UNUSED_VARIABLE = YES;
				IPHONEOS_DEPLOYMENT_TARGET = 7.1;
				SDKROOT = iphoneos;
				VALIDATE_PRODUCT = YES;
			};
			name = Release;
		};
		00BB71CC19E1ABBB0017B1E0 /* Debug */ = {
			isa = XCBuildConfiguration;
			buildSettings = {
				ASSETCATALOG_COMPILER_APPICON_NAME = AppIcon;
				ASSETCATALOG_COMPILER_LAUNCHIMAGE_NAME = LaunchImage;
				GCC_PRECOMPILE_PREFIX_HEADER = YES;
				GCC_PREFIX_HEADER = "Team3HW2/Team3HW2-Prefix.pch";
				INFOPLIST_FILE = "Team3HW2/Team3HW2-Info.plist";
				PRODUCT_NAME = "$(TARGET_NAME)";
				WRAPPER_EXTENSION = app;
			};
			name = Debug;
		};
		00BB71CD19E1ABBB0017B1E0 /* Release */ = {
			isa = XCBuildConfiguration;
			buildSettings = {
				ASSETCATALOG_COMPILER_APPICON_NAME = AppIcon;
				ASSETCATALOG_COMPILER_LAUNCHIMAGE_NAME = LaunchImage;
				GCC_PRECOMPILE_PREFIX_HEADER = YES;
				GCC_PREFIX_HEADER = "Team3HW2/Team3HW2-Prefix.pch";
				INFOPLIST_FILE = "Team3HW2/Team3HW2-Info.plist";
				PRODUCT_NAME = "$(TARGET_NAME)";
				WRAPPER_EXTENSION = app;
			};
			name = Release;
		};
		00BB71CF19E1ABBB0017B1E0 /* Debug */ = {
			isa = XCBuildConfiguration;
			buildSettings = {
				BUNDLE_LOADER = "$(BUILT_PRODUCTS_DIR)/Team3HW2.app/Team3HW2";
				FRAMEWORK_SEARCH_PATHS = (
					"$(SDKROOT)/Developer/Library/Frameworks",
					"$(inherited)",
					"$(DEVELOPER_FRAMEWORKS_DIR)",
				);
				GCC_PRECOMPILE_PREFIX_HEADER = YES;
				GCC_PREFIX_HEADER = "Team3HW2/Team3HW2-Prefix.pch";
				GCC_PREPROCESSOR_DEFINITIONS = (
					"DEBUG=1",
					"$(inherited)",
				);
				INFOPLIST_FILE = "Team3HW2Tests/Team3HW2Tests-Info.plist";
				PRODUCT_NAME = "$(TARGET_NAME)";
				TEST_HOST = "$(BUNDLE_LOADER)";
				WRAPPER_EXTENSION = xctest;
			};
			name = Debug;
		};
		00BB71D019E1ABBB0017B1E0 /* Release */ = {
			isa = XCBuildConfiguration;
			buildSettings = {
				BUNDLE_LOADER = "$(BUILT_PRODUCTS_DIR)/Team3HW2.app/Team3HW2";
				FRAMEWORK_SEARCH_PATHS = (
					"$(SDKROOT)/Developer/Library/Frameworks",
					"$(inherited)",
					"$(DEVELOPER_FRAMEWORKS_DIR)",
				);
				GCC_PRECOMPILE_PREFIX_HEADER = YES;
				GCC_PREFIX_HEADER = "Team3HW2/Team3HW2-Prefix.pch";
				INFOPLIST_FILE = "Team3HW2Tests/Team3HW2Tests-Info.plist";
				PRODUCT_NAME = "$(TARGET_NAME)";
				TEST_HOST = "$(BUNDLE_LOADER)";
				WRAPPER_EXTENSION = xctest;
			};
			name = Release;
		};
/* End XCBuildConfiguration section */

/* Begin XCConfigurationList section */
		00BB719419E1ABBB0017B1E0 /* Build configuration list for PBXProject "Team3HW2" */ = {
			isa = XCConfigurationList;
			buildConfigurations = (
				00BB71C919E1ABBB0017B1E0 /* Debug */,
				00BB71CA19E1ABBB0017B1E0 /* Release */,
			);
			defaultConfigurationIsVisible = 0;
			defaultConfigurationName = Release;
		};
		00BB71CB19E1ABBB0017B1E0 /* Build configuration list for PBXNativeTarget "Team3HW2" */ = {
			isa = XCConfigurationList;
			buildConfigurations = (
				00BB71CC19E1ABBB0017B1E0 /* Debug */,
				00BB71CD19E1ABBB0017B1E0 /* Release */,
			);
			defaultConfigurationIsVisible = 0;
			defaultConfigurationName = Release;
		};
		00BB71CE19E1ABBB0017B1E0 /* Build configuration list for PBXNativeTarget "Team3HW2Tests" */ = {
			isa = XCConfigurationList;
			buildConfigurations = (
				00BB71CF19E1ABBB0017B1E0 /* Debug */,
				00BB71D019E1ABBB0017B1E0 /* Release */,
			);
			defaultConfigurationIsVisible = 0;
			defaultConfigurationName = Release;
		};
/* End XCConfigurationList section */

/* Begin XCVersionGroup section */
		00BB71B019E1ABBB0017B1E0 /* Team3HW2.xcdatamodeld */ = {
			isa = XCVersionGroup;
			children = (
				00BB71B119E1ABBB0017B1E0 /* Team3HW2.xcdatamodel */,
			);
			currentVersion = 00BB71B119E1ABBB0017B1E0 /* Team3HW2.xcdatamodel */;
			path = Team3HW2.xcdatamodeld;
			sourceTree = "<group>";
			versionGroupType = wrapper.xcdatamodel;
		};
/* End XCVersionGroup section */
	};
	rootObject = 00BB719119E1ABBB0017B1E0 /* Project object */;
}
